// !$*UTF8*$!
{
	archiveVersion = 1;
	classes = {
	};
	objectVersion = 50;
	objects = {

/* Begin PBXBuildFile section */
		D6108D0723C3368B008A6638 /* AppDelegate.swift in Sources */ = {isa = PBXBuildFile; fileRef = D6108D0623C3368B008A6638 /* AppDelegate.swift */; };
		D6108D0923C3368B008A6638 /* SceneDelegate.swift in Sources */ = {isa = PBXBuildFile; fileRef = D6108D0823C3368B008A6638 /* SceneDelegate.swift */; };
		D6108D0B23C3368B008A6638 /* ViewController.swift in Sources */ = {isa = PBXBuildFile; fileRef = D6108D0A23C3368B008A6638 /* ViewController.swift */; };
		D6108D0E23C3368B008A6638 /* Main.storyboard in Resources */ = {isa = PBXBuildFile; fileRef = D6108D0C23C3368B008A6638 /* Main.storyboard */; };
		D6108D1123C3368B008A6638 /* XcodeGitTut_doz_14.xcdatamodeld in Sources */ = {isa = PBXBuildFile; fileRef = D6108D0F23C3368B008A6638 /* XcodeGitTut_doz_14.xcdatamodeld */; };
		D6108D1323C3368D008A6638 /* Assets.xcassets in Resources */ = {isa = PBXBuildFile; fileRef = D6108D1223C3368D008A6638 /* Assets.xcassets */; };
		D6108D1623C3368D008A6638 /* LaunchScreen.storyboard in Resources */ = {isa = PBXBuildFile; fileRef = D6108D1423C3368D008A6638 /* LaunchScreen.storyboard */; };
		D6108D2123C3368D008A6638 /* XcodeGitTut_doz_14Tests.swift in Sources */ = {isa = PBXBuildFile; fileRef = D6108D2023C3368D008A6638 /* XcodeGitTut_doz_14Tests.swift */; };
		D6108D2C23C3368D008A6638 /* XcodeGitTut_doz_14UITests.swift in Sources */ = {isa = PBXBuildFile; fileRef = D6108D2B23C3368D008A6638 /* XcodeGitTut_doz_14UITests.swift */; };
/* End PBXBuildFile section */

/* Begin PBXContainerItemProxy section */
		D6108D1D23C3368D008A6638 /* PBXContainerItemProxy */ = {
			isa = PBXContainerItemProxy;
			containerPortal = D6108CFB23C3368B008A6638 /* Project object */;
			proxyType = 1;
			remoteGlobalIDString = D6108D0223C3368B008A6638;
			remoteInfo = XcodeGitTut_doz_14;
		};
		D6108D2823C3368D008A6638 /* PBXContainerItemProxy */ = {
			isa = PBXContainerItemProxy;
			containerPortal = D6108CFB23C3368B008A6638 /* Project object */;
			proxyType = 1;
			remoteGlobalIDString = D6108D0223C3368B008A6638;
			remoteInfo = XcodeGitTut_doz_14;
		};
/* End PBXContainerItemProxy section */

/* Begin PBXFileReference section */
		D6108D0323C3368B008A6638 /* XcodeGitTut_doz_14.app */ = {isa = PBXFileReference; explicitFileType = wrapper.application; includeInIndex = 0; path = XcodeGitTut_doz_14.app; sourceTree = BUILT_PRODUCTS_DIR; };
		D6108D0623C3368B008A6638 /* AppDelegate.swift */ = {isa = PBXFileReference; lastKnownFileType = sourcecode.swift; path = AppDelegate.swift; sourceTree = "<group>"; };
		D6108D0823C3368B008A6638 /* SceneDelegate.swift */ = {isa = PBXFileReference; lastKnownFileType = sourcecode.swift; path = SceneDelegate.swift; sourceTree = "<group>"; };
		D6108D0A23C3368B008A6638 /* ViewController.swift */ = {isa = PBXFileReference; lastKnownFileType = sourcecode.swift; path = ViewController.swift; sourceTree = "<group>"; };
		D6108D0D23C3368B008A6638 /* Base */ = {isa = PBXFileReference; lastKnownFileType = file.storyboard; name = Base; path = Base.lproj/Main.storyboard; sourceTree = "<group>"; };
		D6108D1023C3368B008A6638 /* XcodeGitTut_doz_14.xcdatamodel */ = {isa = PBXFileReference; lastKnownFileType = wrapper.xcdatamodel; path = XcodeGitTut_doz_14.xcdatamodel; sourceTree = "<group>"; };
		D6108D1223C3368D008A6638 /* Assets.xcassets */ = {isa = PBXFileReference; lastKnownFileType = folder.assetcatalog; path = Assets.xcassets; sourceTree = "<group>"; };
		D6108D1523C3368D008A6638 /* Base */ = {isa = PBXFileReference; lastKnownFileType = file.storyboard; name = Base; path = Base.lproj/LaunchScreen.storyboard; sourceTree = "<group>"; };
		D6108D1723C3368D008A6638 /* Info.plist */ = {isa = PBXFileReference; lastKnownFileType = text.plist.xml; path = Info.plist; sourceTree = "<group>"; };
		D6108D1C23C3368D008A6638 /* XcodeGitTut_doz_14Tests.xctest */ = {isa = PBXFileReference; explicitFileType = wrapper.cfbundle; includeInIndex = 0; path = XcodeGitTut_doz_14Tests.xctest; sourceTree = BUILT_PRODUCTS_DIR; };
		D6108D2023C3368D008A6638 /* XcodeGitTut_doz_14Tests.swift */ = {isa = PBXFileReference; lastKnownFileType = sourcecode.swift; path = XcodeGitTut_doz_14Tests.swift; sourceTree = "<group>"; };
		D6108D2223C3368D008A6638 /* Info.plist */ = {isa = PBXFileReference; lastKnownFileType = text.plist.xml; path = Info.plist; sourceTree = "<group>"; };
		D6108D2723C3368D008A6638 /* XcodeGitTut_doz_14UITests.xctest */ = {isa = PBXFileReference; explicitFileType = wrapper.cfbundle; includeInIndex = 0; path = XcodeGitTut_doz_14UITests.xctest; sourceTree = BUILT_PRODUCTS_DIR; };
		D6108D2B23C3368D008A6638 /* XcodeGitTut_doz_14UITests.swift */ = {isa = PBXFileReference; lastKnownFileType = sourcecode.swift; path = XcodeGitTut_doz_14UITests.swift; sourceTree = "<group>"; };
		D6108D2D23C3368D008A6638 /* Info.plist */ = {isa = PBXFileReference; lastKnownFileType = text.plist.xml; path = Info.plist; sourceTree = "<group>"; };
/* End PBXFileReference section */

/* Begin PBXFrameworksBuildPhase section */
		D6108D0023C3368B008A6638 /* Frameworks */ = {
			isa = PBXFrameworksBuildPhase;
			buildActionMask = 2147483647;
			files = (
			);
			runOnlyForDeploymentPostprocessing = 0;
		};
		D6108D1923C3368D008A6638 /* Frameworks */ = {
			isa = PBXFrameworksBuildPhase;
			buildActionMask = 2147483647;
			files = (
			);
			runOnlyForDeploymentPostprocessing = 0;
		};
		D6108D2423C3368D008A6638 /* Frameworks */ = {
			isa = PBXFrameworksBuildPhase;
			buildActionMask = 2147483647;
			files = (
			);
			runOnlyForDeploymentPostprocessing = 0;
		};
/* End PBXFrameworksBuildPhase section */

/* Begin PBXGroup section */
		D6108CFA23C3368B008A6638 = {
			isa = PBXGroup;
			children = (
				D6108D0523C3368B008A6638 /* XcodeGitTut_doz_14 */,
				D6108D1F23C3368D008A6638 /* XcodeGitTut_doz_14Tests */,
				D6108D2A23C3368D008A6638 /* XcodeGitTut_doz_14UITests */,
				D6108D0423C3368B008A6638 /* Products */,
			);
			sourceTree = "<group>";
		};
		D6108D0423C3368B008A6638 /* Products */ = {
			isa = PBXGroup;
			children = (
				D6108D0323C3368B008A6638 /* XcodeGitTut_doz_14.app */,
				D6108D1C23C3368D008A6638 /* XcodeGitTut_doz_14Tests.xctest */,
				D6108D2723C3368D008A6638 /* XcodeGitTut_doz_14UITests.xctest */,
			);
			name = Products;
			sourceTree = "<group>";
		};
		D6108D0523C3368B008A6638 /* XcodeGitTut_doz_14 */ = {
			isa = PBXGroup;
			children = (
				D6108D0623C3368B008A6638 /* AppDelegate.swift */,
				D6108D0823C3368B008A6638 /* SceneDelegate.swift */,
				D6108D0A23C3368B008A6638 /* ViewController.swift */,
				D6108D0C23C3368B008A6638 /* Main.storyboard */,
				D6108D1223C3368D008A6638 /* Assets.xcassets */,
				D6108D1423C3368D008A6638 /* LaunchScreen.storyboard */,
				D6108D1723C3368D008A6638 /* Info.plist */,
				D6108D0F23C3368B008A6638 /* XcodeGitTut_doz_14.xcdatamodeld */,
			);
			path = XcodeGitTut_doz_14;
			sourceTree = "<group>";
		};
		D6108D1F23C3368D008A6638 /* XcodeGitTut_doz_14Tests */ = {
			isa = PBXGroup;
			children = (
				D6108D2023C3368D008A6638 /* XcodeGitTut_doz_14Tests.swift */,
				D6108D2223C3368D008A6638 /* Info.plist */,
			);
			path = XcodeGitTut_doz_14Tests;
			sourceTree = "<group>";
		};
		D6108D2A23C3368D008A6638 /* XcodeGitTut_doz_14UITests */ = {
			isa = PBXGroup;
			children = (
				D6108D2B23C3368D008A6638 /* XcodeGitTut_doz_14UITests.swift */,
				D6108D2D23C3368D008A6638 /* Info.plist */,
			);
			path = XcodeGitTut_doz_14UITests;
			sourceTree = "<group>";
		};
/* End PBXGroup section */

/* Begin PBXNativeTarget section */
		D6108D0223C3368B008A6638 /* XcodeGitTut_doz_14 */ = {
			isa = PBXNativeTarget;
			buildConfigurationList = D6108D3023C3368D008A6638 /* Build configuration list for PBXNativeTarget "XcodeGitTut_doz_14" */;
			buildPhases = (
				D6108CFF23C3368B008A6638 /* Sources */,
				D6108D0023C3368B008A6638 /* Frameworks */,
				D6108D0123C3368B008A6638 /* Resources */,
			);
			buildRules = (
			);
			dependencies = (
			);
			name = XcodeGitTut_doz_14;
			productName = XcodeGitTut_doz_14;
			productReference = D6108D0323C3368B008A6638 /* XcodeGitTut_doz_14.app */;
			productType = "com.apple.product-type.application";
		};
		D6108D1B23C3368D008A6638 /* XcodeGitTut_doz_14Tests */ = {
			isa = PBXNativeTarget;
			buildConfigurationList = D6108D3323C3368D008A6638 /* Build configuration list for PBXNativeTarget "XcodeGitTut_doz_14Tests" */;
			buildPhases = (
				D6108D1823C3368D008A6638 /* Sources */,
				D6108D1923C3368D008A6638 /* Frameworks */,
				D6108D1A23C3368D008A6638 /* Resources */,
			);
			buildRules = (
			);
			dependencies = (
				D6108D1E23C3368D008A6638 /* PBXTargetDependency */,
			);
			name = XcodeGitTut_doz_14Tests;
			productName = XcodeGitTut_doz_14Tests;
			productReference = D6108D1C23C3368D008A6638 /* XcodeGitTut_doz_14Tests.xctest */;
			productType = "com.apple.product-type.bundle.unit-test";
		};
		D6108D2623C3368D008A6638 /* XcodeGitTut_doz_14UITests */ = {
			isa = PBXNativeTarget;
			buildConfigurationList = D6108D3623C3368D008A6638 /* Build configuration list for PBXNativeTarget "XcodeGitTut_doz_14UITests" */;
			buildPhases = (
				D6108D2323C3368D008A6638 /* Sources */,
				D6108D2423C3368D008A6638 /* Frameworks */,
				D6108D2523C3368D008A6638 /* Resources */,
			);
			buildRules = (
			);
			dependencies = (
				D6108D2923C3368D008A6638 /* PBXTargetDependency */,
			);
			name = XcodeGitTut_doz_14UITests;
			productName = XcodeGitTut_doz_14UITests;
			productReference = D6108D2723C3368D008A6638 /* XcodeGitTut_doz_14UITests.xctest */;
			productType = "com.apple.product-type.bundle.ui-testing";
		};
/* End PBXNativeTarget section */

/* Begin PBXProject section */
		D6108CFB23C3368B008A6638 /* Project object */ = {
			isa = PBXProject;
			attributes = {
				LastSwiftUpdateCheck = 1130;
				LastUpgradeCheck = 1130;
				ORGANIZATIONNAME = zancor;
				TargetAttributes = {
					D6108D0223C3368B008A6638 = {
						CreatedOnToolsVersion = 11.3;
					};
					D6108D1B23C3368D008A6638 = {
						CreatedOnToolsVersion = 11.3;
						TestTargetID = D6108D0223C3368B008A6638;
					};
					D6108D2623C3368D008A6638 = {
						CreatedOnToolsVersion = 11.3;
						TestTargetID = D6108D0223C3368B008A6638;
					};
				};
			};
			buildConfigurationList = D6108CFE23C3368B008A6638 /* Build configuration list for PBXProject "XcodeGitTut_doz_14" */;
			compatibilityVersion = "Xcode 9.3";
			developmentRegion = en;
			hasScannedForEncodings = 0;
			knownRegions = (
				en,
				Base,
			);
			mainGroup = D6108CFA23C3368B008A6638;
			productRefGroup = D6108D0423C3368B008A6638 /* Products */;
			projectDirPath = "";
			projectRoot = "";
			targets = (
				D6108D0223C3368B008A6638 /* XcodeGitTut_doz_14 */,
				D6108D1B23C3368D008A6638 /* XcodeGitTut_doz_14Tests */,
				D6108D2623C3368D008A6638 /* XcodeGitTut_doz_14UITests */,
			);
		};
/* End PBXProject section */

/* Begin PBXResourcesBuildPhase section */
		D6108D0123C3368B008A6638 /* Resources */ = {
			isa = PBXResourcesBuildPhase;
			buildActionMask = 2147483647;
			files = (
				D6108D1623C3368D008A6638 /* LaunchScreen.storyboard in Resources */,
				D6108D1323C3368D008A6638 /* Assets.xcassets in Resources */,
				D6108D0E23C3368B008A6638 /* Main.storyboard in Resources */,
			);
			runOnlyForDeploymentPostprocessing = 0;
		};
		D6108D1A23C3368D008A6638 /* Resources */ = {
			isa = PBXResourcesBuildPhase;
			buildActionMask = 2147483647;
			files = (
			);
			runOnlyForDeploymentPostprocessing = 0;
		};
		D6108D2523C3368D008A6638 /* Resources */ = {
			isa = PBXResourcesBuildPhase;
			buildActionMask = 2147483647;
			files = (
			);
			runOnlyForDeploymentPostprocessing = 0;
		};
/* End PBXResourcesBuildPhase section */

/* Begin PBXSourcesBuildPhase section */
		D6108CFF23C3368B008A6638 /* Sources */ = {
			isa = PBXSourcesBuildPhase;
			buildActionMask = 2147483647;
			files = (
				D6108D0B23C3368B008A6638 /* ViewController.swift in Sources */,
				D6108D0723C3368B008A6638 /* AppDelegate.swift in Sources */,
				D6108D0923C3368B008A6638 /* SceneDelegate.swift in Sources */,
				D6108D1123C3368B008A6638 /* XcodeGitTut_doz_14.xcdatamodeld in Sources */,
			);
			runOnlyForDeploymentPostprocessing = 0;
		};
		D6108D1823C3368D008A6638 /* Sources */ = {
			isa = PBXSourcesBuildPhase;
			buildActionMask = 2147483647;
			files = (
				D6108D2123C3368D008A6638 /* XcodeGitTut_doz_14Tests.swift in Sources */,
			);
			runOnlyForDeploymentPostprocessing = 0;
		};
		D6108D2323C3368D008A6638 /* Sources */ = {
			isa = PBXSourcesBuildPhase;
			buildActionMask = 2147483647;
			files = (
				D6108D2C23C3368D008A6638 /* XcodeGitTut_doz_14UITests.swift in Sources */,
			);
			runOnlyForDeploymentPostprocessing = 0;
		};
/* End PBXSourcesBuildPhase section */

/* Begin PBXTargetDependency section */
		D6108D1E23C3368D008A6638 /* PBXTargetDependency */ = {
			isa = PBXTargetDependency;
			target = D6108D0223C3368B008A6638 /* XcodeGitTut_doz_14 */;
			targetProxy = D6108D1D23C3368D008A6638 /* PBXContainerItemProxy */;
		};
		D6108D2923C3368D008A6638 /* PBXTargetDependency */ = {
			isa = PBXTargetDependency;
			target = D6108D0223C3368B008A6638 /* XcodeGitTut_doz_14 */;
			targetProxy = D6108D2823C3368D008A6638 /* PBXContainerItemProxy */;
		};
/* End PBXTargetDependency section */

/* Begin PBXVariantGroup section */
		D6108D0C23C3368B008A6638 /* Main.storyboard */ = {
			isa = PBXVariantGroup;
			children = (
				D6108D0D23C3368B008A6638 /* Base */,
			);
			name = Main.storyboard;
			sourceTree = "<group>";
		};
		D6108D1423C3368D008A6638 /* LaunchScreen.storyboard */ = {
			isa = PBXVariantGroup;
			children = (
				D6108D1523C3368D008A6638 /* Base */,
			);
			name = LaunchScreen.storyboard;
			sourceTree = "<group>";
		};
/* End PBXVariantGroup section */

/* Begin XCBuildConfiguration section */
		D6108D2E23C3368D008A6638 /* Debug */ = {
			isa = XCBuildConfiguration;
			buildSettings = {
				ALWAYS_SEARCH_USER_PATHS = NO;
				CLANG_ANALYZER_NONNULL = YES;
				CLANG_ANALYZER_NUMBER_OBJECT_CONVERSION = YES_AGGRESSIVE;
				CLANG_CXX_LANGUAGE_STANDARD = "gnu++14";
				CLANG_CXX_LIBRARY = "libc++";
				CLANG_ENABLE_MODULES = YES;
				CLANG_ENABLE_OBJC_ARC = YES;
				CLANG_ENABLE_OBJC_WEAK = YES;
				CLANG_WARN_BLOCK_CAPTURE_AUTORELEASING = YES;
				CLANG_WARN_BOOL_CONVERSION = YES;
				CLANG_WARN_COMMA = YES;
				CLANG_WARN_CONSTANT_CONVERSION = YES;
				CLANG_WARN_DEPRECATED_OBJC_IMPLEMENTATIONS = YES;
				CLANG_WARN_DIRECT_OBJC_ISA_USAGE = YES_ERROR;
				CLANG_WARN_DOCUMENTATION_COMMENTS = YES;
				CLANG_WARN_EMPTY_BODY = YES;
				CLANG_WARN_ENUM_CONVERSION = YES;
				CLANG_WARN_INFINITE_RECURSION = YES;
				CLANG_WARN_INT_CONVERSION = YES;
				CLANG_WARN_NON_LITERAL_NULL_CONVERSION = YES;
				CLANG_WARN_OBJC_IMPLICIT_RETAIN_SELF = YES;
				CLANG_WARN_OBJC_LITERAL_CONVERSION = YES;
				CLANG_WARN_OBJC_ROOT_CLASS = YES_ERROR;
				CLANG_WARN_RANGE_LOOP_ANALYSIS = YES;
				CLANG_WARN_STRICT_PROTOTYPES = YES;
				CLANG_WARN_SUSPICIOUS_MOVE = YES;
				CLANG_WARN_UNGUARDED_AVAILABILITY = YES_AGGRESSIVE;
				CLANG_WARN_UNREACHABLE_CODE = YES;
				CLANG_WARN__DUPLICATE_METHOD_MATCH = YES;
				COPY_PHASE_STRIP = NO;
				DEBUG_INFORMATION_FORMAT = dwarf;
				ENABLE_STRICT_OBJC_MSGSEND = YES;
				ENABLE_TESTABILITY = YES;
				GCC_C_LANGUAGE_STANDARD = gnu11;
				GCC_DYNAMIC_NO_PIC = NO;
				GCC_NO_COMMON_BLOCKS = YES;
				GCC_OPTIMIZATION_LEVEL = 0;
				GCC_PREPROCESSOR_DEFINITIONS = (
					"DEBUG=1",
					"$(inherited)",
				);
				GCC_WARN_64_TO_32_BIT_CONVERSION = YES;
				GCC_WARN_ABOUT_RETURN_TYPE = YES_ERROR;
				GCC_WARN_UNDECLARED_SELECTOR = YES;
				GCC_WARN_UNINITIALIZED_AUTOS = YES_AGGRESSIVE;
				GCC_WARN_UNUSED_FUNCTION = YES;
				GCC_WARN_UNUSED_VARIABLE = YES;
				IPHONEOS_DEPLOYMENT_TARGET = 13.2;
				MTL_ENABLE_DEBUG_INFO = INCLUDE_SOURCE;
				MTL_FAST_MATH = YES;
				ONLY_ACTIVE_ARCH = YES;
				SDKROOT = iphoneos;
				SWIFT_ACTIVE_COMPILATION_CONDITIONS = DEBUG;
				SWIFT_OPTIMIZATION_LEVEL = "-Onone";
			};
			name = Debug;
		};
		D6108D2F23C3368D008A6638 /* Release */ = {
			isa = XCBuildConfiguration;
			buildSettings = {
				ALWAYS_SEARCH_USER_PATHS = NO;
				CLANG_ANALYZER_NONNULL = YES;
				CLANG_ANALYZER_NUMBER_OBJECT_CONVERSION = YES_AGGRESSIVE;
				CLANG_CXX_LANGUAGE_STANDARD = "gnu++14";
				CLANG_CXX_LIBRARY = "libc++";
				CLANG_ENABLE_MODULES = YES;
				CLANG_ENABLE_OBJC_ARC = YES;
				CLANG_ENABLE_OBJC_WEAK = YES;
				CLANG_WARN_BLOCK_CAPTURE_AUTORELEASING = YES;
				CLANG_WARN_BOOL_CONVERSION = YES;
				CLANG_WARN_COMMA = YES;
				CLANG_WARN_CONSTANT_CONVERSION = YES;
				CLANG_WARN_DEPRECATED_OBJC_IMPLEMENTATIONS = YES;
				CLANG_WARN_DIRECT_OBJC_ISA_USAGE = YES_ERROR;
				CLANG_WARN_DOCUMENTATION_COMMENTS = YES;
				CLANG_WARN_EMPTY_BODY = YES;
				CLANG_WARN_ENUM_CONVERSION = YES;
				CLANG_WARN_INFINITE_RECURSION = YES;
				CLANG_WARN_INT_CONVERSION = YES;
				CLANG_WARN_NON_LITERAL_NULL_CONVERSION = YES;
				CLANG_WARN_OBJC_IMPLICIT_RETAIN_SELF = YES;
				CLANG_WARN_OBJC_LITERAL_CONVERSION = YES;
				CLANG_WARN_OBJC_ROOT_CLASS = YES_ERROR;
				CLANG_WARN_RANGE_LOOP_ANALYSIS = YES;
				CLANG_WARN_STRICT_PROTOTYPES = YES;
				CLANG_WARN_SUSPICIOUS_MOVE = YES;
				CLANG_WARN_UNGUARDED_AVAILABILITY = YES_AGGRESSIVE;
				CLANG_WARN_UNREACHABLE_CODE = YES;
				CLANG_WARN__DUPLICATE_METHOD_MATCH = YES;
				COPY_PHASE_STRIP = NO;
				DEBUG_INFORMATION_FORMAT = "dwarf-with-dsym";
				ENABLE_NS_ASSERTIONS = NO;
				ENABLE_STRICT_OBJC_MSGSEND = YES;
				GCC_C_LANGUAGE_STANDARD = gnu11;
				GCC_NO_COMMON_BLOCKS = YES;
				GCC_WARN_64_TO_32_BIT_CONVERSION = YES;
				GCC_WARN_ABOUT_RETURN_TYPE = YES_ERROR;
				GCC_WARN_UNDECLARED_SELECTOR = YES;
				GCC_WARN_UNINITIALIZED_AUTOS = YES_AGGRESSIVE;
				GCC_WARN_UNUSED_FUNCTION = YES;
				GCC_WARN_UNUSED_VARIABLE = YES;
				IPHONEOS_DEPLOYMENT_TARGET = 13.2;
				MTL_ENABLE_DEBUG_INFO = NO;
				MTL_FAST_MATH = YES;
				SDKROOT = iphoneos;
				SWIFT_COMPILATION_MODE = wholemodule;
				SWIFT_OPTIMIZATION_LEVEL = "-O";
				VALIDATE_PRODUCT = YES;
			};
			name = Release;
		};
		D6108D3123C3368D008A6638 /* Debug */ = {
			isa = XCBuildConfiguration;
			buildSettings = {
				ASSETCATALOG_COMPILER_APPICON_NAME = AppIcon;
				CODE_SIGN_STYLE = Automatic;
				INFOPLIST_FILE = XcodeGitTut_doz_14/Info.plist;
				LD_RUNPATH_SEARCH_PATHS = (
					"$(inherited)",
					"@executable_path/Frameworks",
				);
				PRODUCT_BUNDLE_IDENTIFIER = "com.XcodeGitTut-doz-14";
				PRODUCT_NAME = "$(TARGET_NAME)";
				SWIFT_VERSION = 5.0;
				TARGETED_DEVICE_FAMILY = "1,2";
			};
			name = Debug;
		};
		D6108D3223C3368D008A6638 /* Release */ = {
			isa = XCBuildConfiguration;
			buildSettings = {
				ASSETCATALOG_COMPILER_APPICON_NAME = AppIcon;
				CODE_SIGN_STYLE = Automatic;
				INFOPLIST_FILE = XcodeGitTut_doz_14/Info.plist;
				LD_RUNPATH_SEARCH_PATHS = (
					"$(inherited)",
					"@executable_path/Frameworks",
				);
				PRODUCT_BUNDLE_IDENTIFIER = "com.XcodeGitTut-doz-14";
				PRODUCT_NAME = "$(TARGET_NAME)";
				SWIFT_VERSION = 5.0;
				TARGETED_DEVICE_FAMILY = "1,2";
			};
			name = Release;
		};
		D6108D3423C3368D008A6638 /* Debug */ = {
			isa = XCBuildConfiguration;
			buildSettings = {
				ALWAYS_EMBED_SWIFT_STANDARD_LIBRARIES = YES;
				BUNDLE_LOADER = "$(TEST_HOST)";
				CODE_SIGN_STYLE = Automatic;
				INFOPLIST_FILE = XcodeGitTut_doz_14Tests/Info.plist;
				IPHONEOS_DEPLOYMENT_TARGET = 13.2;
				LD_RUNPATH_SEARCH_PATHS = (
					"$(inherited)",
					"@executable_path/Frameworks",
					"@loader_path/Frameworks",
				);
				PRODUCT_BUNDLE_IDENTIFIER = "com.XcodeGitTut-doz-14Tests";
				PRODUCT_NAME = "$(TARGET_NAME)";
				SWIFT_VERSION = 5.0;
				TARGETED_DEVICE_FAMILY = "1,2";
				TEST_HOST = "$(BUILT_PRODUCTS_DIR)/XcodeGitTut_doz_14.app/XcodeGitTut_doz_14";
			};
			name = Debug;
		};
		D6108D3523C3368D008A6638 /* Release */ = {
			isa = XCBuildConfiguration;
			buildSettings = {
				ALWAYS_EMBED_SWIFT_STANDARD_LIBRARIES = YES;
				BUNDLE_LOADER = "$(TEST_HOST)";
				CODE_SIGN_STYLE = Automatic;
				INFOPLIST_FILE = XcodeGitTut_doz_14Tests/Info.plist;
				IPHONEOS_DEPLOYMENT_TARGET = 13.2;
				LD_RUNPATH_SEARCH_PATHS = (
					"$(inherited)",
					"@executable_path/Frameworks",
					"@loader_path/Frameworks",
				);
				PRODUCT_BUNDLE_IDENTIFIER = "com.XcodeGitTut-doz-14Tests";
				PRODUCT_NAME = "$(TARGET_NAME)";
				SWIFT_VERSION = 5.0;
				TARGETED_DEVICE_FAMILY = "1,2";
				TEST_HOST = "$(BUILT_PRODUCTS_DIR)/XcodeGitTut_doz_14.app/XcodeGitTut_doz_14";
			};
			name = Release;
		};
		D6108D3723C3368D008A6638 /* Debug */ = {
			isa = XCBuildConfiguration;
			buildSettings = {
				ALWAYS_EMBED_SWIFT_STANDARD_LIBRARIES = YES;
				CODE_SIGN_STYLE = Automatic;
				INFOPLIST_FILE = XcodeGitTut_doz_14UITests/Info.plist;
				LD_RUNPATH_SEARCH_PATHS = (
					"$(inherited)",
					"@executable_path/Frameworks",
					"@loader_path/Frameworks",
				);
				PRODUCT_BUNDLE_IDENTIFIER = "com.XcodeGitTut-doz-14UITests";
				PRODUCT_NAME = "$(TARGET_NAME)";
				SWIFT_VERSION = 5.0;
				TARGETED_DEVICE_FAMILY = "1,2";
				TEST_TARGET_NAME = XcodeGitTut_doz_14;
			};
			name = Debug;
		};
		D6108D3823C3368D008A6638 /* Release */ = {
			isa = XCBuildConfiguration;
			buildSettings = {
				ALWAYS_EMBED_SWIFT_STANDARD_LIBRARIES = YES;
				CODE_SIGN_STYLE = Automatic;
				INFOPLIST_FILE = XcodeGitTut_doz_14UITests/Info.plist;
				LD_RUNPATH_SEARCH_PATHS = (
					"$(inherited)",
					"@executable_path/Frameworks",
					"@loader_path/Frameworks",
				);
				PRODUCT_BUNDLE_IDENTIFIER = "com.XcodeGitTut-doz-14UITests";
				PRODUCT_NAME = "$(TARGET_NAME)";
				SWIFT_VERSION = 5.0;
				TARGETED_DEVICE_FAMILY = "1,2";
				TEST_TARGET_NAME = XcodeGitTut_doz_14;
			};
			name = Release;
		};
/* End XCBuildConfiguration section */

/* Begin XCConfigurationList section */
		D6108CFE23C3368B008A6638 /* Build configuration list for PBXProject "XcodeGitTut_doz_14" */ = {
			isa = XCConfigurationList;
			buildConfigurations = (
				D6108D2E23C3368D008A6638 /* Debug */,
				D6108D2F23C3368D008A6638 /* Release */,
			);
			defaultConfigurationIsVisible = 0;
			defaultConfigurationName = Release;
		};
		D6108D3023C3368D008A6638 /* Build configuration list for PBXNativeTarget "XcodeGitTut_doz_14" */ = {
			isa = XCConfigurationList;
			buildConfigurations = (
				D6108D3123C3368D008A6638 /* Debug */,
				D6108D3223C3368D008A6638 /* Release */,
			);
			defaultConfigurationIsVisible = 0;
			defaultConfigurationName = Release;
		};
		D6108D3323C3368D008A6638 /* Build configuration list for PBXNativeTarget "XcodeGitTut_doz_14Tests" */ = {
			isa = XCConfigurationList;
			buildConfigurations = (
				D6108D3423C3368D008A6638 /* Debug */,
				D6108D3523C3368D008A6638 /* Release */,
			);
			defaultConfigurationIsVisible = 0;
			defaultConfigurationName = Release;
		};
		D6108D3623C3368D008A6638 /* Build configuration list for PBXNativeTarget "XcodeGitTut_doz_14UITests" */ = {
			isa = XCConfigurationList;
			buildConfigurations = (
				D6108D3723C3368D008A6638 /* Debug */,
				D6108D3823C3368D008A6638 /* Release */,
			);
			defaultConfigurationIsVisible = 0;
			defaultConfigurationName = Release;
		};
/* End XCConfigurationList section */

/* Begin XCVersionGroup section */
		D6108D0F23C3368B008A6638 /* XcodeGitTut_doz_14.xcdatamodeld */ = {
			isa = XCVersionGroup;
			children = (
				D6108D1023C3368B008A6638 /* XcodeGitTut_doz_14.xcdatamodel */,
			);
			currentVersion = D6108D1023C3368B008A6638 /* XcodeGitTut_doz_14.xcdatamodel */;
			path = XcodeGitTut_doz_14.xcdatamodeld;
			sourceTree = "<group>";
			versionGroupType = wrapper.xcdatamodel;
		};
/* End XCVersionGroup section */
	};
	rootObject = D6108CFB23C3368B008A6638 /* Project object */;
}
